schema: '2.0'
stages:
  ingestion:
    cmd: python src/data/ingestion.py
    deps:
    - path: src/data/ingestion.py
      hash: md5
      md5: 5e0053a9794ce27479cfbcfa82218cf8
      size: 3010
    params:
      params.yaml:
        ingestion.test_size: 0.2
    outs:
    - path: ./data/raw
      hash: md5
      md5: 90722f172d1bf000f5d506d69ae13868.dir
      size: 827973
      nfiles: 2
  preprocessing:
    cmd: python src/data/preprocessing.py
    deps:
    - path: data/raw
      hash: md5
      md5: 90722f172d1bf000f5d506d69ae13868.dir
      size: 827973
      nfiles: 2
    - path: src/data/preprocessing.py
      hash: md5
      md5: c0bb5dca717b4c8ce595df20f0c73ec5
      size: 5801
    outs:
    - path: ./data/interim
      hash: md5
      md5: 3fff2d51582cb816682bd1cac6d03c52.dir
      size: 615715
      nfiles: 2
  features:
    cmd: python src/features/features.py
    deps:
    - path: ./data/interim
      hash: md5
      md5: 3fff2d51582cb816682bd1cac6d03c52.dir
      size: 615715
      nfiles: 2
    - path: src/features/features.py
      hash: md5
      md5: 0143f5bedad5b355fc36a61585facd27
      size: 3855
    params:
      params.yaml:
        features.max_features: 50
    outs:
    - path: ./data/processed
      hash: md5
      md5: 3ea63e47c1a018dff2fe61a0b9a30929.dir
      size: 2378420
      nfiles: 2
  model:
    cmd: python src/model/model.py
    deps:
    - path: ./data/processed
      hash: md5
      md5: 3ea63e47c1a018dff2fe61a0b9a30929.dir
      size: 2378420
      nfiles: 2
    - path: src/model/model.py
      hash: md5
      md5: 1fd8e82b5be680bd4493d06ee32a8ff9
      size: 2211
    params:
      params.yaml:
        model.learning_rate: 0.1
        model.n_estimators: 40
    outs:
    - path: ./models/model.pkl
      hash: md5
      md5: e0f8ac8ef07c614f5911f071420ea2c6
      size: 56550
  evaluation:
    cmd: python src/model/evaluation.py
    deps:
    - path: ./models/model.pkl
      hash: md5
      md5: e0f8ac8ef07c614f5911f071420ea2c6
      size: 56550
    - path: src/model/evaluation.py
      hash: md5
      md5: 2fb3db4197a50ef8c58a4bf825a4a172
      size: 3232
    outs:
    - path: metrics.json
      hash: md5
      md5: f82ed8e15f1e33ddc66c3b9be9e42e01
      size: 146
